
Microsoft Visual Studio Solution File, Format Version 12.00
# Visual Studio Version 17
VisualStudioVersion = 17.4.33122.133
MinimumVisualStudioVersion = 10.0.40219.1
Project("{FAE04EC0-301F-11D3-BF4B-00C04F79EFBC}") = "DoNotSteal", "DoNotSteal.csproj", "{83AB88F9-7C33-4FFF-B678-3FABD96AB03C}"
EndProject
Global
	GlobalSection(SolutionConfigurationPlatforms) = preSolution
		Debug|Any CPU = Debug|Any CPU
		Release|Any CPU = Release|Any CPU
	EndGlobalSection
	GlobalSection(ProjectConfigurationPlatforms) = postSolution
		{83AB88F9-7C33-4FFF-B678-3FABD96AB03C}.Debug|Any CPU.ActiveCfg = Debug|Any CPU
		{83AB88F9-7C33-4FFF-B678-3FABD96AB03C}.Debug|Any CPU.Build.0 = Debug|Any CPU
		{83AB88F9-7C33-4FFF-B678-3FABD96AB03C}.Release|Any CPU.ActiveCfg = Release|Any CPU
		{83AB88F9-7C33-4FFF-B678-3FABD96AB03C}.Release|Any CPU.Build.0 = Release|Any CPU
	EndGlobalSection
	GlobalSection(SolutionProperties) = preSolution
		HideSolutionNode = FALSE
	EndGlobalSection
	GlobalSection(ExtensibilityGlobals) = postSolution
		SolutionGuid = {1931F8C1-6440-4839-A3D5-06233ABE7CF1}
	EndGlobalSection
EndGlobal
